
Microsoft Visual Studio Solution File, Format Version 12.00
# Visual Studio Version 17
VisualStudioVersion = 17.1.32414.318
MinimumVisualStudioVersion = 10.0.40219.1
Project("{FAE04EC0-301F-11D3-BF4B-00C04F79EFBC}") = "April2022", "April2022.csproj", "{D9A375A0-DFCB-4ACE-88DE-9443AE961389}"
EndProject
Global
	GlobalSection(SolutionConfigurationPlatforms) = preSolution
		Debug|Any CPU = Debug|Any CPU
		Release|Any CPU = Release|Any CPU
	EndGlobalSection
	GlobalSection(ProjectConfigurationPlatforms) = postSolution
		{D9A375A0-DFCB-4ACE-88DE-9443AE961389}.Debug|Any CPU.ActiveCfg = Debug|Any CPU
		{D9A375A0-DFCB-4ACE-88DE-9443AE961389}.Debug|Any CPU.Build.0 = Debug|Any CPU
		{D9A375A0-DFCB-4ACE-88DE-9443AE961389}.Release|Any CPU.ActiveCfg = Release|Any CPU
		{D9A375A0-DFCB-4ACE-88DE-9443AE961389}.Release|Any CPU.Build.0 = Release|Any CPU
	EndGlobalSection
	GlobalSection(SolutionProperties) = preSolution
		HideSolutionNode = FALSE
	EndGlobalSection
	GlobalSection(ExtensibilityGlobals) = postSolution
		SolutionGuid = {15107654-D7A9-4678-8348-780122852C5C}
	EndGlobalSection
EndGlobal
